
Microsoft Visual Studio Solution File, Format Version 12.00
# Visual Studio 15
VisualStudioVersion = 15.0.27428.2005
MinimumVisualStudioVersion = 10.0.40219.1
Project("{FAE04EC0-301F-11D3-BF4B-00C04F79EFBC}") = "Mihira Bot", "Mihira-Bot\Mihira Bot.csproj", "{56C8D3CB-B954-4DC9-ADFD-B4CF66DBE33C}"
EndProject
Global
	GlobalSection(SolutionConfigurationPlatforms) = preSolution
		Debug|Any CPU = Debug|Any CPU
		Release|Any CPU = Release|Any CPU
	EndGlobalSection
	GlobalSection(ProjectConfigurationPlatforms) = postSolution
		{56C8D3CB-B954-4DC9-ADFD-B4CF66DBE33C}.Debug|Any CPU.ActiveCfg = Debug|Any CPU
		{56C8D3CB-B954-4DC9-ADFD-B4CF66DBE33C}.Debug|Any CPU.Build.0 = Debug|Any CPU
		{56C8D3CB-B954-4DC9-ADFD-B4CF66DBE33C}.Release|Any CPU.ActiveCfg = Release|Any CPU
		{56C8D3CB-B954-4DC9-ADFD-B4CF66DBE33C}.Release|Any CPU.Build.0 = Release|Any CPU
	EndGlobalSection
	GlobalSection(SolutionProperties) = preSolution
		HideSolutionNode = FALSE
	EndGlobalSection
	GlobalSection(ExtensibilityGlobals) = postSolution
		SolutionGuid = {931FE052-1298-401A-A94B-016EA1F14876}
	EndGlobalSection
EndGlobal
